// !$*UTF8*$!
{
	archiveVersion = 1;
	classes = {
	};
	objectVersion = 46;
	objects = {

/* Begin PBXBuildFile section */
		C23B837D1DA52CCB00EF5E9E /* main.m in Sources */ = {isa = PBXBuildFile; fileRef = C23B837C1DA52CCB00EF5E9E /* main.m */; };
		C23B83801DA52CCB00EF5E9E /* AppDelegate.m in Sources */ = {isa = PBXBuildFile; fileRef = C23B837F1DA52CCB00EF5E9E /* AppDelegate.m */; };
		C23B83831DA52CCB00EF5E9E /* ViewController.m in Sources */ = {isa = PBXBuildFile; fileRef = C23B83821DA52CCB00EF5E9E /* ViewController.m */; };
		C23B83861DA52CCB00EF5E9E /* Main.storyboard in Resources */ = {isa = PBXBuildFile; fileRef = C23B83841DA52CCB00EF5E9E /* Main.storyboard */; };
		C23B83881DA52CCB00EF5E9E /* Assets.xcassets in Resources */ = {isa = PBXBuildFile; fileRef = C23B83871DA52CCB00EF5E9E /* Assets.xcassets */; };
		C23B838B1DA52CCB00EF5E9E /* LaunchScreen.storyboard in Resources */ = {isa = PBXBuildFile; fileRef = C23B83891DA52CCB00EF5E9E /* LaunchScreen.storyboard */; };
/* End PBXBuildFile section */

/* Begin PBXFileReference section */
		C23B83781DA52CCB00EF5E9E /* 纯代码建立popover.app */ = {isa = PBXFileReference; explicitFileType = wrapper.application; includeInIndex = 0; path = "纯代码建立popover.app"; sourceTree = BUILT_PRODUCTS_DIR; };
		C23B837C1DA52CCB00EF5E9E /* main.m */ = {isa = PBXFileReference; lastKnownFileType = sourcecode.c.objc; path = main.m; sourceTree = "<group>"; };
		C23B837E1DA52CCB00EF5E9E /* AppDelegate.h */ = {isa = PBXFileReference; lastKnownFileType = sourcecode.c.h; path = AppDelegate.h; sourceTree = "<group>"; };
		C23B837F1DA52CCB00EF5E9E /* AppDelegate.m */ = {isa = PBXFileReference; lastKnownFileType = sourcecode.c.objc; path = AppDelegate.m; sourceTree = "<group>"; };
		C23B83811DA52CCB00EF5E9E /* ViewController.h */ = {isa = PBXFileReference; lastKnownFileType = sourcecode.c.h; path = ViewController.h; sourceTree = "<group>"; };
		C23B83821DA52CCB00EF5E9E /* ViewController.m */ = {isa = PBXFileReference; lastKnownFileType = sourcecode.c.objc; path = ViewController.m; sourceTree = "<group>"; };
		C23B83851DA52CCB00EF5E9E /* Base */ = {isa = PBXFileReference; lastKnownFileType = file.storyboard; name = Base; path = Base.lproj/Main.storyboard; sourceTree = "<group>"; };
		C23B83871DA52CCB00EF5E9E /* Assets.xcassets */ = {isa = PBXFileReference; lastKnownFileType = folder.assetcatalog; path = Assets.xcassets; sourceTree = "<group>"; };
		C23B838A1DA52CCB00EF5E9E /* Base */ = {isa = PBXFileReference; lastKnownFileType = file.storyboard; name = Base; path = Base.lproj/LaunchScreen.storyboard; sourceTree = "<group>"; };
		C23B838C1DA52CCB00EF5E9E /* Info.plist */ = {isa = PBXFileReference; lastKnownFileType = text.plist.xml; path = Info.plist; sourceTree = "<group>"; };
/* End PBXFileReference section */

/* Begin PBXFrameworksBuildPhase section */
		C23B83751DA52CCB00EF5E9E /* Frameworks */ = {
			isa = PBXFrameworksBuildPhase;
			buildActionMask = 2147483647;
			files = (
			);
			runOnlyForDeploymentPostprocessing = 0;
		};
/* End PBXFrameworksBuildPhase section */

/* Begin PBXGroup section */
		C23B836F1DA52CCB00EF5E9E = {
			isa = PBXGroup;
			children = (
				C23B837A1DA52CCB00EF5E9E /* 纯代码建立popover */,
				C23B83791DA52CCB00EF5E9E /* Products */,
			);
			sourceTree = "<group>";
		};
		C23B83791DA52CCB00EF5E9E /* Products */ = {
			isa = PBXGroup;
			children = (
				C23B83781DA52CCB00EF5E9E /* 纯代码建立popover.app */,
			);
			name = Products;
			sourceTree = "<group>";
		};
		C23B837A1DA52CCB00EF5E9E /* 纯代码建立popover */ = {
			isa = PBXGroup;
			children = (
				C23B837E1DA52CCB00EF5E9E /* AppDelegate.h */,
				C23B837F1DA52CCB00EF5E9E /* AppDelegate.m */,
				C23B83811DA52CCB00EF5E9E /* ViewController.h */,
				C23B83821DA52CCB00EF5E9E /* ViewController.m */,
				C23B83841DA52CCB00EF5E9E /* Main.storyboard */,
				C23B83871DA52CCB00EF5E9E /* Assets.xcassets */,
				C23B83891DA52CCB00EF5E9E /* LaunchScreen.storyboard */,
				C23B838C1DA52CCB00EF5E9E /* Info.plist */,
				C23B837B1DA52CCB00EF5E9E /* Supporting Files */,
			);
			path = "纯代码建立popover";
			sourceTree = "<group>";
		};
		C23B837B1DA52CCB00EF5E9E /* Supporting Files */ = {
			isa = PBXGroup;
			children = (
				C23B837C1DA52CCB00EF5E9E /* main.m */,
			);
			name = "Supporting Files";
			sourceTree = "<group>";
		};
/* End PBXGroup section */

/* Begin PBXNativeTarget section */
		C23B83771DA52CCB00EF5E9E /* 纯代码建立popover */ = {
			isa = PBXNativeTarget;
			buildConfigurationList = C23B838F1DA52CCB00EF5E9E /* Build configuration list for PBXNativeTarget "纯代码建立popover" */;
			buildPhases = (
				C23B83741DA52CCB00EF5E9E /* Sources */,
				C23B83751DA52CCB00EF5E9E /* Frameworks */,
				C23B83761DA52CCB00EF5E9E /* Resources */,
			);
			buildRules = (
			);
			dependencies = (
			);
			name = "纯代码建立popover";
			productName = "纯代码建立popover";
			productReference = C23B83781DA52CCB00EF5E9E /* 纯代码建立popover.app */;
			productType = "com.apple.product-type.application";
		};
/* End PBXNativeTarget section */

/* Begin PBXProject section */
		C23B83701DA52CCB00EF5E9E /* Project object */ = {
			isa = PBXProject;
			attributes = {
				LastUpgradeCheck = 0800;
				ORGANIZATIONNAME = itcast;
				TargetAttributes = {
					C23B83771DA52CCB00EF5E9E = {
						CreatedOnToolsVersion = 8.0;
						DevelopmentTeam = EHLKZ43FUC;
						ProvisioningStyle = Automatic;
					};
				};
			};
			buildConfigurationList = C23B83731DA52CCB00EF5E9E /* Build configuration list for PBXProject "纯代码建立popover" */;
			compatibilityVersion = "Xcode 3.2";
			developmentRegion = English;
			hasScannedForEncodings = 0;
			knownRegions = (
				en,
				Base,
			);
			mainGroup = C23B836F1DA52CCB00EF5E9E;
			productRefGroup = C23B83791DA52CCB00EF5E9E /* Products */;
			projectDirPath = "";
			projectRoot = "";
			targets = (
				C23B83771DA52CCB00EF5E9E /* 纯代码建立popover */,
			);
		};
/* End PBXProject section */

/* Begin PBXResourcesBuildPhase section */
		C23B83761DA52CCB00EF5E9E /* Resources */ = {
			isa = PBXResourcesBuildPhase;
			buildActionMask = 2147483647;
			files = (
				C23B838B1DA52CCB00EF5E9E /* LaunchScreen.storyboard in Resources */,
				C23B83881DA52CCB00EF5E9E /* Assets.xcassets in Resources */,
				C23B83861DA52CCB00EF5E9E /* Main.storyboard in Resources */,
			);
			runOnlyForDeploymentPostprocessing = 0;
		};
/* End PBXResourcesBuildPhase section */

/* Begin PBXSourcesBuildPhase section */
		C23B83741DA52CCB00EF5E9E /* Sources */ = {
			isa = PBXSourcesBuildPhase;
			buildActionMask = 2147483647;
			files = (
				C23B83831DA52CCB00EF5E9E /* ViewController.m in Sources */,
				C23B83801DA52CCB00EF5E9E /* AppDelegate.m in Sources */,
				C23B837D1DA52CCB00EF5E9E /* main.m in Sources */,
			);
			runOnlyForDeploymentPostprocessing = 0;
		};
/* End PBXSourcesBuildPhase section */

/* Begin PBXVariantGroup section */
		C23B83841DA52CCB00EF5E9E /* Main.storyboard */ = {
			isa = PBXVariantGroup;
			children = (
				C23B83851DA52CCB00EF5E9E /* Base */,
			);
			name = Main.storyboard;
			sourceTree = "<group>";
		};
		C23B83891DA52CCB00EF5E9E /* LaunchScreen.storyboard */ = {
			isa = PBXVariantGroup;
			children = (
				C23B838A1DA52CCB00EF5E9E /* Base */,
			);
			name = LaunchScreen.storyboard;
			sourceTree = "<group>";
		};
/* End PBXVariantGroup section */

/* Begin XCBuildConfiguration section */
		C23B838D1DA52CCB00EF5E9E /* Debug */ = {
			isa = XCBuildConfiguration;
			buildSettings = {
				ALWAYS_SEARCH_USER_PATHS = NO;
				CLANG_ANALYZER_NONNULL = YES;
				CLANG_CXX_LANGUAGE_STANDARD = "gnu++0x";
				CLANG_CXX_LIBRARY = "libc++";
				CLANG_ENABLE_MODULES = YES;
				CLANG_ENABLE_OBJC_ARC = YES;
				CLANG_WARN_BOOL_CONVERSION = YES;
				CLANG_WARN_CONSTANT_CONVERSION = YES;
				CLANG_WARN_DIRECT_OBJC_ISA_USAGE = YES_ERROR;
				CLANG_WARN_DOCUMENTATION_COMMENTS = YES;
				CLANG_WARN_EMPTY_BODY = YES;
				CLANG_WARN_ENUM_CONVERSION = YES;
				CLANG_WARN_INFINITE_RECURSION = YES;
				CLANG_WARN_INT_CONVERSION = YES;
				CLANG_WARN_OBJC_ROOT_CLASS = YES_ERROR;
				CLANG_WARN_SUSPICIOUS_MOVES = YES;
				CLANG_WARN_UNREACHABLE_CODE = YES;
				CLANG_WARN__DUPLICATE_METHOD_MATCH = YES;
				"CODE_SIGN_IDENTITY[sdk=iphoneos*]" = "iPhone Developer";
				COPY_PHASE_STRIP = NO;
				DEBUG_INFORMATION_FORMAT = dwarf;
				ENABLE_STRICT_OBJC_MSGSEND = YES;
				ENABLE_TESTABILITY = YES;
				GCC_C_LANGUAGE_STANDARD = gnu99;
				GCC_DYNAMIC_NO_PIC = NO;
				GCC_NO_COMMON_BLOCKS = YES;
				GCC_OPTIMIZATION_LEVEL = 0;
				GCC_PREPROCESSOR_DEFINITIONS = (
					"DEBUG=1",
					"$(inherited)",
				);
				GCC_WARN_64_TO_32_BIT_CONVERSION = YES;
				GCC_WARN_ABOUT_RETURN_TYPE = YES_ERROR;
				GCC_WARN_UNDECLARED_SELECTOR = YES;
				GCC_WARN_UNINITIALIZED_AUTOS = YES_AGGRESSIVE;
				GCC_WARN_UNUSED_FUNCTION = YES;
				GCC_WARN_UNUSED_VARIABLE = YES;
				IPHONEOS_DEPLOYMENT_TARGET = 10.0;
				MTL_ENABLE_DEBUG_INFO = YES;
				ONLY_ACTIVE_ARCH = YES;
				SDKROOT = iphoneos;
			};
			name = Debug;
		};
		C23B838E1DA52CCB00EF5E9E /* Release */ = {
			isa = XCBuildConfiguration;
			buildSettings = {
				ALWAYS_SEARCH_USER_PATHS = NO;
				CLANG_ANALYZER_NONNULL = YES;
				CLANG_CXX_LANGUAGE_STANDARD = "gnu++0x";
				CLANG_CXX_LIBRARY = "libc++";
				CLANG_ENABLE_MODULES = YES;
				CLANG_ENABLE_OBJC_ARC = YES;
				CLANG_WARN_BOOL_CONVERSION = YES;
				CLANG_WARN_CONSTANT_CONVERSION = YES;
				CLANG_WARN_DIRECT_OBJC_ISA_USAGE = YES_ERROR;
				CLANG_WARN_DOCUMENTATION_COMMENTS = YES;
				CLANG_WARN_EMPTY_BODY = YES;
				CLANG_WARN_ENUM_CONVERSION = YES;
				CLANG_WARN_INFINITE_RECURSION = YES;
				CLANG_WARN_INT_CONVERSION = YES;
				CLANG_WARN_OBJC_ROOT_CLASS = YES_ERROR;
				CLANG_WARN_SUSPICIOUS_MOVES = YES;
				CLANG_WARN_UNREACHABLE_CODE = YES;
				CLANG_WARN__DUPLICATE_METHOD_MATCH = YES;
				"CODE_SIGN_IDENTITY[sdk=iphoneos*]" = "iPhone Developer";
				COPY_PHASE_STRIP = NO;
				DEBUG_INFORMATION_FORMAT = "dwarf-with-dsym";
				ENABLE_NS_ASSERTIONS = NO;
				ENABLE_STRICT_OBJC_MSGSEND = YES;
				GCC_C_LANGUAGE_STANDARD = gnu99;
				GCC_NO_COMMON_BLOCKS = YES;
				GCC_WARN_64_TO_32_BIT_CONVERSION = YES;
				GCC_WARN_ABOUT_RETURN_TYPE = YES_ERROR;
				GCC_WARN_UNDECLARED_SELECTOR = YES;
				GCC_WARN_UNINITIALIZED_AUTOS = YES_AGGRESSIVE;
				GCC_WARN_UNUSED_FUNCTION = YES;
				GCC_WARN_UNUSED_VARIABLE = YES;
				IPHONEOS_DEPLOYMENT_TARGET = 10.0;
				MTL_ENABLE_DEBUG_INFO = NO;
				SDKROOT = iphoneos;
				VALIDATE_PRODUCT = YES;
			};
			name = Release;
		};
		C23B83901DA52CCB00EF5E9E /* Debug */ = {
			isa = XCBuildConfiguration;
			buildSettings = {
				ASSETCATALOG_COMPILER_APPICON_NAME = AppIcon;
				DEVELOPMENT_TEAM = EHLKZ43FUC;
				INFOPLIST_FILE = "纯代码建立popover/Info.plist";
				LD_RUNPATH_SEARCH_PATHS = "$(inherited) @executable_path/Frameworks";
				PRODUCT_BUNDLE_IDENTIFIER = "cn.itcast.-----popover";
				PRODUCT_NAME = "$(TARGET_NAME)";
			};
			name = Debug;
		};
		C23B83911DA52CCB00EF5E9E /* Release */ = {
			isa = XCBuildConfiguration;
			buildSettings = {
				ASSETCATALOG_COMPILER_APPICON_NAME = AppIcon;
				DEVELOPMENT_TEAM = EHLKZ43FUC;
				INFOPLIST_FILE = "纯代码建立popover/Info.plist";
				LD_RUNPATH_SEARCH_PATHS = "$(inherited) @executable_path/Frameworks";
				PRODUCT_BUNDLE_IDENTIFIER = "cn.itcast.-----popover";
				PRODUCT_NAME = "$(TARGET_NAME)";
			};
			name = Release;
		};
/* End XCBuildConfiguration section */

/* Begin XCConfigurationList section */
		C23B83731DA52CCB00EF5E9E /* Build configuration list for PBXProject "纯代码建立popover" */ = {
			isa = XCConfigurationList;
			buildConfigurations = (
				C23B838D1DA52CCB00EF5E9E /* Debug */,
				C23B838E1DA52CCB00EF5E9E /* Release */,
			);
			defaultConfigurationIsVisible = 0;
			defaultConfigurationName = Release;
		};
		C23B838F1DA52CCB00EF5E9E /* Build configuration list for PBXNativeTarget "纯代码建立popover" */ = {
			isa = XCConfigurationList;
			buildConfigurations = (
				C23B83901DA52CCB00EF5E9E /* Debug */,
				C23B83911DA52CCB00EF5E9E /* Release */,
			);
			defaultConfigurationIsVisible = 0;
			defaultConfigurationName = Release;
		};
/* End XCConfigurationList section */
	};
	rootObject = C23B83701DA52CCB00EF5E9E /* Project object */;
}
